
Microsoft Visual Studio Solution File, Format Version 12.00
# Visual Studio 2013
VisualStudioVersion = 12.0.40629.0
MinimumVisualStudioVersion = 10.0.40219.1
Project("{FAE04EC0-301F-11D3-BF4B-00C04F79EFBC}") = "01_Chapter", "InDepthCSharp\01_Chapter.csproj", "{ADC025A0-FECF-43D1-B6CD-EA1B3ADFF78A}"
EndProject
Project("{FAE04EC0-301F-11D3-BF4B-00C04F79EFBC}") = "02_Delegates", "02_Delegates\02_Delegates.csproj", "{9C359BD1-3631-42B7-ADF8-37A52588ED83}"
EndProject
Project("{FAE04EC0-301F-11D3-BF4B-00C04F79EFBC}") = "03_Generics", "03_Generics\03_Generics.csproj", "{ACB2562E-4C82-43AF-BC9C-8E8F2F66BE95}"
EndProject
Project("{FAE04EC0-301F-11D3-BF4B-00C04F79EFBC}") = "04_StringManipulation", "StringManipulation\04_StringManipulation.csproj", "{46A3757F-0645-4777-8278-6890EE855EE3}"
EndProject
Project("{FAE04EC0-301F-11D3-BF4B-00C04F79EFBC}") = "05_WindowsFormsApp1", "WindowsFormsApp1\05_WindowsFormsApp1.csproj", "{B2324D58-F2F8-4782-B9AF-BF6BD7C1E077}"
EndProject
Project("{FAE04EC0-301F-11D3-BF4B-00C04F79EFBC}") = "06_MoreDelegates", "06_MoreDelegates\06_MoreDelegates.csproj", "{EC242F20-1ADA-4F6E-BDC1-0CC409F778DB}"
EndProject
Global
	GlobalSection(SolutionConfigurationPlatforms) = preSolution
		Debug|Any CPU = Debug|Any CPU
		Release|Any CPU = Release|Any CPU
	EndGlobalSection
	GlobalSection(ProjectConfigurationPlatforms) = postSolution
		{ADC025A0-FECF-43D1-B6CD-EA1B3ADFF78A}.Debug|Any CPU.ActiveCfg = Debug|Any CPU
		{ADC025A0-FECF-43D1-B6CD-EA1B3ADFF78A}.Debug|Any CPU.Build.0 = Debug|Any CPU
		{ADC025A0-FECF-43D1-B6CD-EA1B3ADFF78A}.Release|Any CPU.ActiveCfg = Release|Any CPU
		{ADC025A0-FECF-43D1-B6CD-EA1B3ADFF78A}.Release|Any CPU.Build.0 = Release|Any CPU
		{9C359BD1-3631-42B7-ADF8-37A52588ED83}.Debug|Any CPU.ActiveCfg = Debug|Any CPU
		{9C359BD1-3631-42B7-ADF8-37A52588ED83}.Debug|Any CPU.Build.0 = Debug|Any CPU
		{9C359BD1-3631-42B7-ADF8-37A52588ED83}.Release|Any CPU.ActiveCfg = Release|Any CPU
		{9C359BD1-3631-42B7-ADF8-37A52588ED83}.Release|Any CPU.Build.0 = Release|Any CPU
		{ACB2562E-4C82-43AF-BC9C-8E8F2F66BE95}.Debug|Any CPU.ActiveCfg = Debug|Any CPU
		{ACB2562E-4C82-43AF-BC9C-8E8F2F66BE95}.Debug|Any CPU.Build.0 = Debug|Any CPU
		{ACB2562E-4C82-43AF-BC9C-8E8F2F66BE95}.Release|Any CPU.ActiveCfg = Release|Any CPU
		{ACB2562E-4C82-43AF-BC9C-8E8F2F66BE95}.Release|Any CPU.Build.0 = Release|Any CPU
		{46A3757F-0645-4777-8278-6890EE855EE3}.Debug|Any CPU.ActiveCfg = Debug|Any CPU
		{46A3757F-0645-4777-8278-6890EE855EE3}.Debug|Any CPU.Build.0 = Debug|Any CPU
		{46A3757F-0645-4777-8278-6890EE855EE3}.Release|Any CPU.ActiveCfg = Release|Any CPU
		{46A3757F-0645-4777-8278-6890EE855EE3}.Release|Any CPU.Build.0 = Release|Any CPU
		{B2324D58-F2F8-4782-B9AF-BF6BD7C1E077}.Debug|Any CPU.ActiveCfg = Debug|Any CPU
		{B2324D58-F2F8-4782-B9AF-BF6BD7C1E077}.Debug|Any CPU.Build.0 = Debug|Any CPU
		{B2324D58-F2F8-4782-B9AF-BF6BD7C1E077}.Release|Any CPU.ActiveCfg = Release|Any CPU
		{B2324D58-F2F8-4782-B9AF-BF6BD7C1E077}.Release|Any CPU.Build.0 = Release|Any CPU
		{EC242F20-1ADA-4F6E-BDC1-0CC409F778DB}.Debug|Any CPU.ActiveCfg = Debug|Any CPU
		{EC242F20-1ADA-4F6E-BDC1-0CC409F778DB}.Debug|Any CPU.Build.0 = Debug|Any CPU
		{EC242F20-1ADA-4F6E-BDC1-0CC409F778DB}.Release|Any CPU.ActiveCfg = Release|Any CPU
		{EC242F20-1ADA-4F6E-BDC1-0CC409F778DB}.Release|Any CPU.Build.0 = Release|Any CPU
	EndGlobalSection
	GlobalSection(SolutionProperties) = preSolution
		HideSolutionNode = FALSE
	EndGlobalSection
	GlobalSection(ExtensibilityGlobals) = postSolution
		SolutionGuid = {19F79020-6757-45CA-861F-06BE5C404BE4}
	EndGlobalSection
EndGlobal
